
Microsoft Visual Studio Solution File, Format Version 12.00
# Visual Studio Version 17
VisualStudioVersion = 17.6.33815.320
MinimumVisualStudioVersion = 10.0.40219.1
Project("{FAE04EC0-301F-11D3-BF4B-00C04F79EFBC}") = "SeleniumAutomation", "SeleniumAutomation\SeleniumAutomation.csproj", "{8646B267-EEAD-42BB-ABCD-D25066014CF6}"
EndProject
Global
	GlobalSection(SolutionConfigurationPlatforms) = preSolution
		Debug|Any CPU = Debug|Any CPU
		Release|Any CPU = Release|Any CPU
	EndGlobalSection
	GlobalSection(ProjectConfigurationPlatforms) = postSolution
		{8646B267-EEAD-42BB-ABCD-D25066014CF6}.Debug|Any CPU.ActiveCfg = Debug|Any CPU
		{8646B267-EEAD-42BB-ABCD-D25066014CF6}.Debug|Any CPU.Build.0 = Debug|Any CPU
		{8646B267-EEAD-42BB-ABCD-D25066014CF6}.Release|Any CPU.ActiveCfg = Release|Any CPU
		{8646B267-EEAD-42BB-ABCD-D25066014CF6}.Release|Any CPU.Build.0 = Release|Any CPU
	EndGlobalSection
	GlobalSection(SolutionProperties) = preSolution
		HideSolutionNode = FALSE
	EndGlobalSection
	GlobalSection(ExtensibilityGlobals) = postSolution
		SolutionGuid = {C19BC7AF-C25A-4CA0-91D2-FB83BF196F5B}
	EndGlobalSection
EndGlobal
